
Microsoft Visual Studio Solution File, Format Version 12.00
# Visual Studio Version 17
VisualStudioVersion = 17.0.31903.59
MinimumVisualStudioVersion = 10.0.40219.1
Project("{FAE04EC0-301F-11D3-BF4B-00C04F79EFBC}") = "StudentBook.Api", "StudentBook.Api\StudentBook.Api.csproj", "{DB8018A5-E12F-4D51-ABED-9A7093038481}"
EndProject
Project("{FAE04EC0-301F-11D3-BF4B-00C04F79EFBC}") = "StudentBook.Api.Data", "StudentBook.Api.Data\StudentBook.Api.Data.csproj", "{75628101-3E97-4952-8EB8-71122232EE31}"
EndProject
Project("{FAE04EC0-301F-11D3-BF4B-00C04F79EFBC}") = "StudentBook.Api.Common", "StudentBook.Api.Common\StudentBook.Api.Common.csproj", "{9F064B40-CF4E-4CAF-A5C0-9EA3CAC6D8C7}"
EndProject
Project("{FAE04EC0-301F-11D3-BF4B-00C04F79EFBC}") = "StudentBook.Api.Core", "StudentBook.Api.Core\StudentBook.Api.Core.csproj", "{7C2927CA-F9B6-43DA-A003-54DDCFC3E232}"
EndProject
Global
	GlobalSection(SolutionConfigurationPlatforms) = preSolution
		Debug|Any CPU = Debug|Any CPU
		Release|Any CPU = Release|Any CPU
	EndGlobalSection
	GlobalSection(SolutionProperties) = preSolution
		HideSolutionNode = FALSE
	EndGlobalSection
	GlobalSection(ProjectConfigurationPlatforms) = postSolution
		{DB8018A5-E12F-4D51-ABED-9A7093038481}.Debug|Any CPU.ActiveCfg = Debug|Any CPU
		{DB8018A5-E12F-4D51-ABED-9A7093038481}.Debug|Any CPU.Build.0 = Debug|Any CPU
		{DB8018A5-E12F-4D51-ABED-9A7093038481}.Release|Any CPU.ActiveCfg = Release|Any CPU
		{DB8018A5-E12F-4D51-ABED-9A7093038481}.Release|Any CPU.Build.0 = Release|Any CPU
		{75628101-3E97-4952-8EB8-71122232EE31}.Debug|Any CPU.ActiveCfg = Debug|Any CPU
		{75628101-3E97-4952-8EB8-71122232EE31}.Debug|Any CPU.Build.0 = Debug|Any CPU
		{75628101-3E97-4952-8EB8-71122232EE31}.Release|Any CPU.ActiveCfg = Release|Any CPU
		{75628101-3E97-4952-8EB8-71122232EE31}.Release|Any CPU.Build.0 = Release|Any CPU
		{9F064B40-CF4E-4CAF-A5C0-9EA3CAC6D8C7}.Debug|Any CPU.ActiveCfg = Debug|Any CPU
		{9F064B40-CF4E-4CAF-A5C0-9EA3CAC6D8C7}.Debug|Any CPU.Build.0 = Debug|Any CPU
		{9F064B40-CF4E-4CAF-A5C0-9EA3CAC6D8C7}.Release|Any CPU.ActiveCfg = Release|Any CPU
		{9F064B40-CF4E-4CAF-A5C0-9EA3CAC6D8C7}.Release|Any CPU.Build.0 = Release|Any CPU
		{7C2927CA-F9B6-43DA-A003-54DDCFC3E232}.Debug|Any CPU.ActiveCfg = Debug|Any CPU
		{7C2927CA-F9B6-43DA-A003-54DDCFC3E232}.Debug|Any CPU.Build.0 = Debug|Any CPU
		{7C2927CA-F9B6-43DA-A003-54DDCFC3E232}.Release|Any CPU.ActiveCfg = Release|Any CPU
		{7C2927CA-F9B6-43DA-A003-54DDCFC3E232}.Release|Any CPU.Build.0 = Release|Any CPU
	EndGlobalSection
EndGlobal
